
Microsoft Visual Studio Solution File, Format Version 12.00
# Visual Studio 2013
VisualStudioVersion = 12.0.21005.1
MinimumVisualStudioVersion = 10.0.40219.1
Project("{FAE04EC0-301F-11D3-BF4B-00C04F79EFBC}") = "SAP_Docking_MES_App", "SAP_Docking_MES_App\SAP_Docking_MES_App.csproj", "{A72B42F5-0D83-4F9A-8605-029E6CAD7028}"
EndProject
Project("{FAE04EC0-301F-11D3-BF4B-00C04F79EFBC}") = "SAP_DataTo_SQL", "SAP_DataTo_SQL\SAP_DataTo_SQL.csproj", "{45D73EE1-4A45-4B57-8AE6-9FC05919DCB3}"
EndProject
Global
	GlobalSection(SolutionConfigurationPlatforms) = preSolution
		Debug|Any CPU = Debug|Any CPU
		Release|Any CPU = Release|Any CPU
	EndGlobalSection
	GlobalSection(ProjectConfigurationPlatforms) = postSolution
		{A72B42F5-0D83-4F9A-8605-029E6CAD7028}.Debug|Any CPU.ActiveCfg = Debug|Any CPU
		{A72B42F5-0D83-4F9A-8605-029E6CAD7028}.Debug|Any CPU.Build.0 = Debug|Any CPU
		{A72B42F5-0D83-4F9A-8605-029E6CAD7028}.Release|Any CPU.ActiveCfg = Release|Any CPU
		{A72B42F5-0D83-4F9A-8605-029E6CAD7028}.Release|Any CPU.Build.0 = Release|Any CPU
		{45D73EE1-4A45-4B57-8AE6-9FC05919DCB3}.Debug|Any CPU.ActiveCfg = Debug|Any CPU
		{45D73EE1-4A45-4B57-8AE6-9FC05919DCB3}.Debug|Any CPU.Build.0 = Debug|Any CPU
		{45D73EE1-4A45-4B57-8AE6-9FC05919DCB3}.Release|Any CPU.ActiveCfg = Release|Any CPU
		{45D73EE1-4A45-4B57-8AE6-9FC05919DCB3}.Release|Any CPU.Build.0 = Release|Any CPU
	EndGlobalSection
	GlobalSection(SolutionProperties) = preSolution
		HideSolutionNode = FALSE
	EndGlobalSection
EndGlobal
